
Microsoft Visual Studio Solution File, Format Version 12.00
# Visual Studio Version 17
VisualStudioVersion = 17.9.34723.18
MinimumVisualStudioVersion = 10.0.40219.1
Project("{FAE04EC0-301F-11D3-BF4B-00C04F79EFBC}") = "Temperature&CurrencyConverter", "Temperature&CurrencyConverter.csproj", "{376D86E2-B76A-4DC7-9496-B20968842632}"
EndProject
Global
	GlobalSection(SolutionConfigurationPlatforms) = preSolution
		Debug|Any CPU = Debug|Any CPU
		Release|Any CPU = Release|Any CPU
	EndGlobalSection
	GlobalSection(ProjectConfigurationPlatforms) = postSolution
		{376D86E2-B76A-4DC7-9496-B20968842632}.Debug|Any CPU.ActiveCfg = Debug|Any CPU
		{376D86E2-B76A-4DC7-9496-B20968842632}.Debug|Any CPU.Build.0 = Debug|Any CPU
		{376D86E2-B76A-4DC7-9496-B20968842632}.Release|Any CPU.ActiveCfg = Release|Any CPU
		{376D86E2-B76A-4DC7-9496-B20968842632}.Release|Any CPU.Build.0 = Release|Any CPU
	EndGlobalSection
	GlobalSection(SolutionProperties) = preSolution
		HideSolutionNode = FALSE
	EndGlobalSection
	GlobalSection(ExtensibilityGlobals) = postSolution
		SolutionGuid = {D7785C4B-15F5-4913-88BC-AACF852DA47E}
	EndGlobalSection
EndGlobal
